{
  "name": "@marcuwynu23/dan",
  "version": "1.0.0",
  "lockfileVersion": 3,
  "requires": true,
  "packages": {
    "": {
      "name": "@marcuwynu23/dan",
      "version": "1.0.0",
      "license": "ISC",
      "dependencies": {
        "@marcuwynu23/dan": "^1.0.0"
      }
    },
    "node_modules/@marcuwynu23/dan": {
      "version": "1.0.0",
      "resolved": "https://registry.npmmirror.com/@marcuwynu23/dan/-/dan-1.0.0.tgz",
      "integrity": "sha512-MscYSxlUCmTjrKBhbVvu6ioIu9jdUfhZISEOhZVm7Cwfqwb1fAohGROUD110vF9Sgv+fBzFN91XyF4ErqwltDA==",
      "license": "ISC"
    }
  }
}
